
Microsoft Visual Studio Solution File, Format Version 12.00
# Visual Studio 15
VisualStudioVersion = 15.0.28307.168
MinimumVisualStudioVersion = 10.0.40219.1
Project("{FAE04EC0-301F-11D3-BF4B-00C04F79EFBC}") = "AutoVersionPreBuild", "AutoVersionPreBuild\AutoVersionPreBuild.csproj", "{1BCA61C5-97EE-4DCD-B193-76758F0567BA}"
EndProject
Global
	GlobalSection(SolutionConfigurationPlatforms) = preSolution
		Debug|Any CPU = Debug|Any CPU
		Release|Any CPU = Release|Any CPU
	EndGlobalSection
	GlobalSection(ProjectConfigurationPlatforms) = postSolution
		{1BCA61C5-97EE-4DCD-B193-76758F0567BA}.Debug|Any CPU.ActiveCfg = Debug|Any CPU
		{1BCA61C5-97EE-4DCD-B193-76758F0567BA}.Debug|Any CPU.Build.0 = Debug|Any CPU
		{1BCA61C5-97EE-4DCD-B193-76758F0567BA}.Release|Any CPU.ActiveCfg = Release|Any CPU
		{1BCA61C5-97EE-4DCD-B193-76758F0567BA}.Release|Any CPU.Build.0 = Release|Any CPU
	EndGlobalSection
	GlobalSection(SolutionProperties) = preSolution
		HideSolutionNode = FALSE
	EndGlobalSection
	GlobalSection(ExtensibilityGlobals) = postSolution
		SolutionGuid = {2FBCC35B-9BFA-4A87-B4D8-AA1D76DF16E0}
	EndGlobalSection
EndGlobal
